
Microsoft Visual Studio Solution File, Format Version 12.00
# Visual Studio Version 17
VisualStudioVersion = 17.1.32210.238
MinimumVisualStudioVersion = 10.0.40219.1
Project("{FAE04EC0-301F-11D3-BF4B-00C04F79EFBC}") = "uppgift3_1_3", "uppgift3_1_3\uppgift3_1_3.csproj", "{EBA1A051-0660-42E3-9B76-FC960C26161A}"
EndProject
Global
	GlobalSection(SolutionConfigurationPlatforms) = preSolution
		Debug|Any CPU = Debug|Any CPU
		Release|Any CPU = Release|Any CPU
	EndGlobalSection
	GlobalSection(ProjectConfigurationPlatforms) = postSolution
		{EBA1A051-0660-42E3-9B76-FC960C26161A}.Debug|Any CPU.ActiveCfg = Debug|Any CPU
		{EBA1A051-0660-42E3-9B76-FC960C26161A}.Debug|Any CPU.Build.0 = Debug|Any CPU
		{EBA1A051-0660-42E3-9B76-FC960C26161A}.Release|Any CPU.ActiveCfg = Release|Any CPU
		{EBA1A051-0660-42E3-9B76-FC960C26161A}.Release|Any CPU.Build.0 = Release|Any CPU
	EndGlobalSection
	GlobalSection(SolutionProperties) = preSolution
		HideSolutionNode = FALSE
	EndGlobalSection
	GlobalSection(ExtensibilityGlobals) = postSolution
		SolutionGuid = {197A9AAA-4949-4EA2-BBF5-DB496AD37D17}
	EndGlobalSection
EndGlobal
